
Microsoft Visual Studio Solution File, Format Version 12.00
# Visual Studio 14
VisualStudioVersion = 14.0.25420.1
MinimumVisualStudioVersion = 10.0.40219.1
Project("{FAE04EC0-301F-11D3-BF4B-00C04F79EFBC}") = "FirstAppVS2015", "FirstAppVS2015\FirstAppVS2015.csproj", "{30159A16-659A-45BC-915C-379B35677A15}"
EndProject
Project("{FAE04EC0-301F-11D3-BF4B-00C04F79EFBC}") = "FirstAppVS2015Tests", "FirstAppVS2015Tests\FirstAppVS2015Tests.csproj", "{8726CAD1-4449-4BC2-98A4-75822E13EEDC}"
EndProject
Global
	GlobalSection(SolutionConfigurationPlatforms) = preSolution
		Debug|Any CPU = Debug|Any CPU
		Release|Any CPU = Release|Any CPU
	EndGlobalSection
	GlobalSection(ProjectConfigurationPlatforms) = postSolution
		{30159A16-659A-45BC-915C-379B35677A15}.Debug|Any CPU.ActiveCfg = Debug|Any CPU
		{30159A16-659A-45BC-915C-379B35677A15}.Debug|Any CPU.Build.0 = Debug|Any CPU
		{30159A16-659A-45BC-915C-379B35677A15}.Release|Any CPU.ActiveCfg = Release|Any CPU
		{30159A16-659A-45BC-915C-379B35677A15}.Release|Any CPU.Build.0 = Release|Any CPU
		{8726CAD1-4449-4BC2-98A4-75822E13EEDC}.Debug|Any CPU.ActiveCfg = Debug|Any CPU
		{8726CAD1-4449-4BC2-98A4-75822E13EEDC}.Debug|Any CPU.Build.0 = Debug|Any CPU
		{8726CAD1-4449-4BC2-98A4-75822E13EEDC}.Release|Any CPU.ActiveCfg = Release|Any CPU
		{8726CAD1-4449-4BC2-98A4-75822E13EEDC}.Release|Any CPU.Build.0 = Release|Any CPU
	EndGlobalSection
	GlobalSection(SolutionProperties) = preSolution
		HideSolutionNode = FALSE
	EndGlobalSection
EndGlobal
